
Microsoft Visual Studio Solution File, Format Version 12.00
# Visual Studio Version 16
VisualStudioVersion = 16.0.31515.178
MinimumVisualStudioVersion = 10.0.40219.1
Project("{FAE04EC0-301F-11D3-BF4B-00C04F79EFBC}") = "Starter Plugin", "Starter Plugin.csproj", "{0AD4540D-313D-45EE-AD0B-B40A551830A2}"
EndProject
Global
	GlobalSection(SolutionConfigurationPlatforms) = preSolution
		Debug|Any CPU = Debug|Any CPU
		Release|Any CPU = Release|Any CPU
	EndGlobalSection
	GlobalSection(ProjectConfigurationPlatforms) = postSolution
		{0AD4540D-313D-45EE-AD0B-B40A551830A2}.Debug|Any CPU.ActiveCfg = Debug|Any CPU
		{0AD4540D-313D-45EE-AD0B-B40A551830A2}.Debug|Any CPU.Build.0 = Debug|Any CPU
		{0AD4540D-313D-45EE-AD0B-B40A551830A2}.Release|Any CPU.ActiveCfg = Release|Any CPU
		{0AD4540D-313D-45EE-AD0B-B40A551830A2}.Release|Any CPU.Build.0 = Release|Any CPU
	EndGlobalSection
	GlobalSection(SolutionProperties) = preSolution
		HideSolutionNode = FALSE
	EndGlobalSection
	GlobalSection(ExtensibilityGlobals) = postSolution
		SolutionGuid = {17BCE731-B8E2-46E6-BABF-76B3344B9BBF}
	EndGlobalSection
EndGlobal
